<Solution>
  <Folder Name="/src/">
    <Project Path="src/LongestIncreasingSubsequence.App/LongestIncreasingSubsequence.App.csproj" />
    <Project Path="src/LongestIncreasingSubsequence/LongestIncreasingSubsequence.csproj" />
  </Folder>
  <Folder Name="/tests/">
    <Project Path="tests/LongestIncreasingSubsequence.Tests/LongestIncreasingSubsequence.Tests.csproj" />
  </Folder>
</Solution>
